
Microsoft Visual Studio Solution File, Format Version 12.00
# Visual Studio Version 17
VisualStudioVersion = 17.7.34221.43
MinimumVisualStudioVersion = 10.0.40219.1
Project("{FAE04EC0-301F-11D3-BF4B-00C04F79EFBC}") = "WorkshopAzureDemo", "WorkshopAzureDemo\WorkshopAzureDemo.csproj", "{D51E74DD-86C6-40EB-BA80-800394D5F7B7}"
EndProject
Global
	GlobalSection(SolutionConfigurationPlatforms) = preSolution
		Debug|Any CPU = Debug|Any CPU
		Release|Any CPU = Release|Any CPU
	EndGlobalSection
	GlobalSection(ProjectConfigurationPlatforms) = postSolution
		{D51E74DD-86C6-40EB-BA80-800394D5F7B7}.Debug|Any CPU.ActiveCfg = Debug|Any CPU
		{D51E74DD-86C6-40EB-BA80-800394D5F7B7}.Debug|Any CPU.Build.0 = Debug|Any CPU
		{D51E74DD-86C6-40EB-BA80-800394D5F7B7}.Release|Any CPU.ActiveCfg = Release|Any CPU
		{D51E74DD-86C6-40EB-BA80-800394D5F7B7}.Release|Any CPU.Build.0 = Release|Any CPU
	EndGlobalSection
	GlobalSection(SolutionProperties) = preSolution
		HideSolutionNode = FALSE
	EndGlobalSection
	GlobalSection(ExtensibilityGlobals) = postSolution
		SolutionGuid = {39F5F334-421A-4EBD-B93B-819F0726CF28}
	EndGlobalSection
EndGlobal
